<?xml version="1.0" encoding="utf-8"?>
<Project ToolsVersion="4.0" xmlns="http://schemas.microsoft.com/developer/msbuild/2003">
  <ItemGroup>
    <CustomBuild Include="texture.frag">
      <Filter>Resource Files</Filter>
    </CustomBuild>
    <CustomBuild Include="transform.vert">
      <Filter>Resource Files</Filter>
    </CustomBuild>
  </ItemGroup>
  <ItemGroup>
    <Filter Include="Header Files">
      <UniqueIdentifier>{2d37551e-14e8-496f-97fc-b5d0c28a288d}</UniqueIdentifier>
    </Filter>
    <Filter Include="Resource Files">
      <UniqueIdentifier>{63c228e9-9658-42cb-a5a9-d06ff72349ce}</UniqueIdentifier>
    </Filter>
    <Filter Include="Source Files">
      <UniqueIdentifier>{1fd35361-bf15-4e51-b847-36704538c73e}</UniqueIdentifier>
    </Filter>
  </ItemGroup>
  <ItemGroup>
    <ClCompile Include="12-alpha-blend.cpp">
      <Filter>Source Files</Filter>
    </ClCompile>
  </ItemGroup>
  <ItemGroup>
    <Image Include="logo.dds">
      <Filter>Resource Files</Filter>
    </Image>
  </ItemGroup>
</Project>