
Microsoft Visual Studio Solution File, Format Version 12.00
# Visual Studio 15
VisualStudioVersion = 15.0.27130.2027
MinimumVisualStudioVersion = 10.0.40219.1
Project("{8BC9CEB8-8B4A-11D0-8D11-00A0C91BC942}") = "framework", "framework\framework.vcxproj", "{D9B732E5-C6FC-4DBB-8CF9-6E880C260844}"
	ProjectSection(ProjectDependencies) = postProject
		{8D9D4A3E-439A-4210-8879-259B20D992CA} = {8D9D4A3E-439A-4210-8879-259B20D992CA}
	EndProjectSection
EndProject
Project("{8BC9CEB8-8B4A-11D0-8D11-00A0C91BC942}") = "01-clear", "01-clear\01-clear.vcxproj", "{C9546E11-638C-4A05-8767-7E77B84AF8CB}"
	ProjectSection(ProjectDependencies) = postProject
		{8D9D4A3E-439A-4210-8879-259B20D992CA} = {8D9D4A3E-439A-4210-8879-259B20D992CA}
		{D9B732E5-C6FC-4DBB-8CF9-6E880C260844} = {D9B732E5-C6FC-4DBB-8CF9-6E880C260844}
	EndProjectSection
EndProject
Project("{8BC9CEB8-8B4A-11D0-8D11-00A0C91BC942}") = "03-vertex-buffer", "03-vertex-buffer\03-vertex-buffer.vcxproj", "{5B7F2E97-7A0A-4B05-AF97-CB74EC31C0D2}"
	ProjectSection(ProjectDependencies) = postProject
		{8D9D4A3E-439A-4210-8879-259B20D992CA} = {8D9D4A3E-439A-4210-8879-259B20D992CA}
		{D9B732E5-C6FC-4DBB-8CF9-6E880C260844} = {D9B732E5-C6FC-4DBB-8CF9-6E880C260844}
	EndProjectSection
EndProject
Project("{8BC9CEB8-8B4A-11D0-8D11-00A0C91BC942}") = "04-vertex-transform", "04-vertex-transform\04-vertex-transform.vcxproj", "{FE4F7013-F4CA-4D63-9E0B-3E511C6DC815}"
	ProjectSection(ProjectDependencies) = postProject
		{8D9D4A3E-439A-4210-8879-259B20D992CA} = {8D9D4A3E-439A-4210-8879-259B20D992CA}
		{D9B732E5-C6FC-4DBB-8CF9-6E880C260844} = {D9B732E5-C6FC-4DBB-8CF9-6E880C260844}
	EndProjectSection
EndProject
Project("{8BC9CEB8-8B4A-11D0-8D11-00A0C91BC942}") = "05-mesh", "05-mesh\05-mesh.vcxproj", "{C5113ECA-618B-4838-A125-BE0B0948AA7E}"
	ProjectSection(ProjectDependencies) = postProject
		{8D9D4A3E-439A-4210-8879-259B20D992CA} = {8D9D4A3E-439A-4210-8879-259B20D992CA}
		{D9B732E5-C6FC-4DBB-8CF9-6E880C260844} = {D9B732E5-C6FC-4DBB-8CF9-6E880C260844}
	EndProjectSection
EndProject
Project("{8BC9CEB8-8B4A-11D0-8D11-00A0C91BC942}") = "06-texture", "06-texture\06-texture.vcxproj", "{15AA74BA-F077-44F8-BDA0-EF582FC5A883}"
	ProjectSection(ProjectDependencies) = postProject
		{8D9D4A3E-439A-4210-8879-259B20D992CA} = {8D9D4A3E-439A-4210-8879-259B20D992CA}
		{D9B732E5-C6FC-4DBB-8CF9-6E880C260844} = {D9B732E5-C6FC-4DBB-8CF9-6E880C260844}
	EndProjectSection
EndProject
Project("{8BC9CEB8-8B4A-11D0-8D11-00A0C91BC942}") = "07-texture-array", "07-texture-array\07-texture-array.vcxproj", "{814D440A-ED4C-4EAF-BE4E-4776989DEC2E}"
	ProjectSection(ProjectDependencies) = postProject
		{8D9D4A3E-439A-4210-8879-259B20D992CA} = {8D9D4A3E-439A-4210-8879-259B20D992CA}
		{D9B732E5-C6FC-4DBB-8CF9-6E880C260844} = {D9B732E5-C6FC-4DBB-8CF9-6E880C260844}
	EndProjectSection
EndProject
Project("{8BC9CEB8-8B4A-11D0-8D11-00A0C91BC942}") = "08-cubemap", "08-cubemap\08-cubemap.vcxproj", "{86D618C4-ABFA-4EF6-AC27-9F46B3FC0434}"
	ProjectSection(ProjectDependencies) = postProject
		{8D9D4A3E-439A-4210-8879-259B20D992CA} = {8D9D4A3E-439A-4210-8879-259B20D992CA}
		{D9B732E5-C6FC-4DBB-8CF9-6E880C260844} = {D9B732E5-C6FC-4DBB-8CF9-6E880C260844}
	EndProjectSection
EndProject
Project("{8BC9CEB8-8B4A-11D0-8D11-00A0C91BC942}") = "09-alpha-blend", "09-alpha-blend\09-alpha-blend.vcxproj", "{89F6C6D7-8702-4553-96F8-97A827BACB58}"
	ProjectSection(ProjectDependencies) = postProject
		{8D9D4A3E-439A-4210-8879-259B20D992CA} = {8D9D4A3E-439A-4210-8879-259B20D992CA}
		{D9B732E5-C6FC-4DBB-8CF9-6E880C260844} = {D9B732E5-C6FC-4DBB-8CF9-6E880C260844}
	EndProjectSection
EndProject
Project("{8BC9CEB8-8B4A-11D0-8D11-00A0C91BC942}") = "11-occlusion-query", "11-occlusion-query\11-occlusion-query.vcxproj", "{DA85C030-1CF6-4121-88C4-CA056668ACFF}"
	ProjectSection(ProjectDependencies) = postProject
		{8D9D4A3E-439A-4210-8879-259B20D992CA} = {8D9D4A3E-439A-4210-8879-259B20D992CA}
		{D9B732E5-C6FC-4DBB-8CF9-6E880C260844} = {D9B732E5-C6FC-4DBB-8CF9-6E880C260844}
	EndProjectSection
EndProject
Project("{8BC9CEB8-8B4A-11D0-8D11-00A0C91BC942}") = "12-pushconstants", "12-pushconstants\12-pushconstants.vcxproj", "{35BD8B5C-CB25-4BFF-A00D-9A85009B19DD}"
	ProjectSection(ProjectDependencies) = postProject
		{8D9D4A3E-439A-4210-8879-259B20D992CA} = {8D9D4A3E-439A-4210-8879-259B20D992CA}
		{D9B732E5-C6FC-4DBB-8CF9-6E880C260844} = {D9B732E5-C6FC-4DBB-8CF9-6E880C260844}
	EndProjectSection
EndProject
Project("{8BC9CEB8-8B4A-11D0-8D11-00A0C91BC942}") = "13-specialization", "13-specialization\13-specialization.vcxproj", "{36DFE4C0-669E-4148-8AAC-F245DFC38E50}"
	ProjectSection(ProjectDependencies) = postProject
		{8D9D4A3E-439A-4210-8879-259B20D992CA} = {8D9D4A3E-439A-4210-8879-259B20D992CA}
		{D9B732E5-C6FC-4DBB-8CF9-6E880C260844} = {D9B732E5-C6FC-4DBB-8CF9-6E880C260844}
	EndProjectSection
EndProject
Project("{8BC9CEB8-8B4A-11D0-8D11-00A0C91BC942}") = "15-compute", "15-compute\15-compute.vcxproj", "{A1709B4D-99E4-4C2D-BC71-BC6B0A91BA7C}"
	ProjectSection(ProjectDependencies) = postProject
		{8D9D4A3E-439A-4210-8879-259B20D992CA} = {8D9D4A3E-439A-4210-8879-259B20D992CA}
		{D9B732E5-C6FC-4DBB-8CF9-6E880C260844} = {D9B732E5-C6FC-4DBB-8CF9-6E880C260844}
	EndProjectSection
EndProject
Project("{8BC9CEB8-8B4A-11D0-8D11-00A0C91BC942}") = "14-particles", "14-particles\14-particles.vcxproj", "{2D2B4093-EADB-4558-8F06-C99D6FC8AB84}"
	ProjectSection(ProjectDependencies) = postProject
		{8D9D4A3E-439A-4210-8879-259B20D992CA} = {8D9D4A3E-439A-4210-8879-259B20D992CA}
		{D9B732E5-C6FC-4DBB-8CF9-6E880C260844} = {D9B732E5-C6FC-4DBB-8CF9-6E880C260844}
	EndProjectSection
EndProject
Project("{8BC9CEB8-8B4A-11D0-8D11-00A0C91BC942}") = "16-immediate", "16-immediate\16-immediate.vcxproj", "{C341826D-793D-463A-BF26-C2E1D38350E9}"
	ProjectSection(ProjectDependencies) = postProject
		{8D9D4A3E-439A-4210-8879-259B20D992CA} = {8D9D4A3E-439A-4210-8879-259B20D992CA}
		{D9B732E5-C6FC-4DBB-8CF9-6E880C260844} = {D9B732E5-C6FC-4DBB-8CF9-6E880C260844}
	EndProjectSection
EndProject
Project("{8BC9CEB8-8B4A-11D0-8D11-00A0C91BC942}") = "17-shadertoy", "17-shadertoy\17-shadertoy.vcxproj", "{2EA54C12-10C7-48BE-8F7A-FD9E9E99F0A5}"
	ProjectSection(ProjectDependencies) = postProject
		{8D9D4A3E-439A-4210-8879-259B20D992CA} = {8D9D4A3E-439A-4210-8879-259B20D992CA}
		{D9B732E5-C6FC-4DBB-8CF9-6E880C260844} = {D9B732E5-C6FC-4DBB-8CF9-6E880C260844}
	EndProjectSection
EndProject
Project("{8BC9CEB8-8B4A-11D0-8D11-00A0C91BC942}") = "magma", "third-party\magma\projects\vs\magma.vcxproj", "{8D9D4A3E-439A-4210-8879-259B20D992CA}"
EndProject
Project("{8BC9CEB8-8B4A-11D0-8D11-00A0C91BC942}") = "02-triangle", "02-triangle\02-triangle.vcxproj", "{27A8FC58-1BB6-4E50-8C68-4C20736F1AF5}"
	ProjectSection(ProjectDependencies) = postProject
		{8D9D4A3E-439A-4210-8879-259B20D992CA} = {8D9D4A3E-439A-4210-8879-259B20D992CA}
		{D9B732E5-C6FC-4DBB-8CF9-6E880C260844} = {D9B732E5-C6FC-4DBB-8CF9-6E880C260844}
	EndProjectSection
EndProject
Project("{8BC9CEB8-8B4A-11D0-8D11-00A0C91BC942}") = "10.a-render-to-texture", "10.a-render-to-texture\10.a-render-to-texture.vcxproj", "{9117A459-2834-4A10-820A-54934CBE1550}"
	ProjectSection(ProjectDependencies) = postProject
		{8D9D4A3E-439A-4210-8879-259B20D992CA} = {8D9D4A3E-439A-4210-8879-259B20D992CA}
		{D9B732E5-C6FC-4DBB-8CF9-6E880C260844} = {D9B732E5-C6FC-4DBB-8CF9-6E880C260844}
	EndProjectSection
EndProject
Project("{8BC9CEB8-8B4A-11D0-8D11-00A0C91BC942}") = "10.b-render-to-msaa-texture", "10.b-render-to-msaa-texture\10.b-render-to-msaa-texture.vcxproj", "{2DF25ACC-07D2-4E01-8007-B6D26F99F60A}"
	ProjectSection(ProjectDependencies) = postProject
		{8D9D4A3E-439A-4210-8879-259B20D992CA} = {8D9D4A3E-439A-4210-8879-259B20D992CA}
		{D9B732E5-C6FC-4DBB-8CF9-6E880C260844} = {D9B732E5-C6FC-4DBB-8CF9-6E880C260844}
	EndProjectSection
EndProject
Global
	GlobalSection(SolutionConfigurationPlatforms) = preSolution
		Debug|x64 = Debug|x64
		Debug|x86 = Debug|x86
		Release|x64 = Release|x64
		Release|x86 = Release|x86
	EndGlobalSection
	GlobalSection(ProjectConfigurationPlatforms) = postSolution
		{D9B732E5-C6FC-4DBB-8CF9-6E880C260844}.Debug|x64.ActiveCfg = Debug|x64
		{D9B732E5-C6FC-4DBB-8CF9-6E880C260844}.Debug|x64.Build.0 = Debug|x64
		{D9B732E5-C6FC-4DBB-8CF9-6E880C260844}.Debug|x86.ActiveCfg = Debug|Win32
		{D9B732E5-C6FC-4DBB-8CF9-6E880C260844}.Debug|x86.Build.0 = Debug|Win32
		{D9B732E5-C6FC-4DBB-8CF9-6E880C260844}.Release|x64.ActiveCfg = Release|x64
		{D9B732E5-C6FC-4DBB-8CF9-6E880C260844}.Release|x64.Build.0 = Release|x64
		{D9B732E5-C6FC-4DBB-8CF9-6E880C260844}.Release|x86.ActiveCfg = Release|Win32
		{D9B732E5-C6FC-4DBB-8CF9-6E880C260844}.Release|x86.Build.0 = Release|Win32
		{C9546E11-638C-4A05-8767-7E77B84AF8CB}.Debug|x64.ActiveCfg = Debug|x64
		{C9546E11-638C-4A05-8767-7E77B84AF8CB}.Debug|x64.Build.0 = Debug|x64
		{C9546E11-638C-4A05-8767-7E77B84AF8CB}.Debug|x86.ActiveCfg = Debug|Win32
		{C9546E11-638C-4A05-8767-7E77B84AF8CB}.Debug|x86.Build.0 = Debug|Win32
		{C9546E11-638C-4A05-8767-7E77B84AF8CB}.Release|x64.ActiveCfg = Release|x64
		{C9546E11-638C-4A05-8767-7E77B84AF8CB}.Release|x64.Build.0 = Release|x64
		{C9546E11-638C-4A05-8767-7E77B84AF8CB}.Release|x86.ActiveCfg = Release|Win32
		{C9546E11-638C-4A05-8767-7E77B84AF8CB}.Release|x86.Build.0 = Release|Win32
		{5B7F2E97-7A0A-4B05-AF97-CB74EC31C0D2}.Debug|x64.ActiveCfg = Debug|x64
		{5B7F2E97-7A0A-4B05-AF97-CB74EC31C0D2}.Debug|x64.Build.0 = Debug|x64
		{5B7F2E97-7A0A-4B05-AF97-CB74EC31C0D2}.Debug|x86.ActiveCfg = Debug|Win32
		{5B7F2E97-7A0A-4B05-AF97-CB74EC31C0D2}.Debug|x86.Build.0 = Debug|Win32
		{5B7F2E97-7A0A-4B05-AF97-CB74EC31C0D2}.Release|x64.ActiveCfg = Release|x64
		{5B7F2E97-7A0A-4B05-AF97-CB74EC31C0D2}.Release|x64.Build.0 = Release|x64
		{5B7F2E97-7A0A-4B05-AF97-CB74EC31C0D2}.Release|x86.ActiveCfg = Release|Win32
		{5B7F2E97-7A0A-4B05-AF97-CB74EC31C0D2}.Release|x86.Build.0 = Release|Win32
		{FE4F7013-F4CA-4D63-9E0B-3E511C6DC815}.Debug|x64.ActiveCfg = Debug|x64
		{FE4F7013-F4CA-4D63-9E0B-3E511C6DC815}.Debug|x64.Build.0 = Debug|x64
		{FE4F7013-F4CA-4D63-9E0B-3E511C6DC815}.Debug|x86.ActiveCfg = Debug|Win32
		{FE4F7013-F4CA-4D63-9E0B-3E511C6DC815}.Debug|x86.Build.0 = Debug|Win32
		{FE4F7013-F4CA-4D63-9E0B-3E511C6DC815}.Release|x64.ActiveCfg = Release|x64
		{FE4F7013-F4CA-4D63-9E0B-3E511C6DC815}.Release|x64.Build.0 = Release|x64
		{FE4F7013-F4CA-4D63-9E0B-3E511C6DC815}.Release|x86.ActiveCfg = Release|Win32
		{FE4F7013-F4CA-4D63-9E0B-3E511C6DC815}.Release|x86.Build.0 = Release|Win32
		{C5113ECA-618B-4838-A125-BE0B0948AA7E}.Debug|x64.ActiveCfg = Debug|x64
		{C5113ECA-618B-4838-A125-BE0B0948AA7E}.Debug|x64.Build.0 = Debug|x64
		{C5113ECA-618B-4838-A125-BE0B0948AA7E}.Debug|x86.ActiveCfg = Debug|Win32
		{C5113ECA-618B-4838-A125-BE0B0948AA7E}.Debug|x86.Build.0 = Debug|Win32
		{C5113ECA-618B-4838-A125-BE0B0948AA7E}.Release|x64.ActiveCfg = Release|x64
		{C5113ECA-618B-4838-A125-BE0B0948AA7E}.Release|x64.Build.0 = Release|x64
		{C5113ECA-618B-4838-A125-BE0B0948AA7E}.Release|x86.ActiveCfg = Release|Win32
		{C5113ECA-618B-4838-A125-BE0B0948AA7E}.Release|x86.Build.0 = Release|Win32
		{15AA74BA-F077-44F8-BDA0-EF582FC5A883}.Debug|x64.ActiveCfg = Debug|x64
		{15AA74BA-F077-44F8-BDA0-EF582FC5A883}.Debug|x64.Build.0 = Debug|x64
		{15AA74BA-F077-44F8-BDA0-EF582FC5A883}.Debug|x86.ActiveCfg = Debug|Win32
		{15AA74BA-F077-44F8-BDA0-EF582FC5A883}.Debug|x86.Build.0 = Debug|Win32
		{15AA74BA-F077-44F8-BDA0-EF582FC5A883}.Release|x64.ActiveCfg = Release|x64
		{15AA74BA-F077-44F8-BDA0-EF582FC5A883}.Release|x64.Build.0 = Release|x64
		{15AA74BA-F077-44F8-BDA0-EF582FC5A883}.Release|x86.ActiveCfg = Release|Win32
		{15AA74BA-F077-44F8-BDA0-EF582FC5A883}.Release|x86.Build.0 = Release|Win32
		{814D440A-ED4C-4EAF-BE4E-4776989DEC2E}.Debug|x64.ActiveCfg = Debug|x64
		{814D440A-ED4C-4EAF-BE4E-4776989DEC2E}.Debug|x64.Build.0 = Debug|x64
		{814D440A-ED4C-4EAF-BE4E-4776989DEC2E}.Debug|x86.ActiveCfg = Debug|Win32
		{814D440A-ED4C-4EAF-BE4E-4776989DEC2E}.Debug|x86.Build.0 = Debug|Win32
		{814D440A-ED4C-4EAF-BE4E-4776989DEC2E}.Release|x64.ActiveCfg = Release|x64
		{814D440A-ED4C-4EAF-BE4E-4776989DEC2E}.Release|x64.Build.0 = Release|x64
		{814D440A-ED4C-4EAF-BE4E-4776989DEC2E}.Release|x86.ActiveCfg = Release|Win32
		{814D440A-ED4C-4EAF-BE4E-4776989DEC2E}.Release|x86.Build.0 = Release|Win32
		{86D618C4-ABFA-4EF6-AC27-9F46B3FC0434}.Debug|x64.ActiveCfg = Debug|x64
		{86D618C4-ABFA-4EF6-AC27-9F46B3FC0434}.Debug|x64.Build.0 = Debug|x64
		{86D618C4-ABFA-4EF6-AC27-9F46B3FC0434}.Debug|x86.ActiveCfg = Debug|Win32
		{86D618C4-ABFA-4EF6-AC27-9F46B3FC0434}.Debug|x86.Build.0 = Debug|Win32
		{86D618C4-ABFA-4EF6-AC27-9F46B3FC0434}.Release|x64.ActiveCfg = Release|x64
		{86D618C4-ABFA-4EF6-AC27-9F46B3FC0434}.Release|x64.Build.0 = Release|x64
		{86D618C4-ABFA-4EF6-AC27-9F46B3FC0434}.Release|x86.ActiveCfg = Release|Win32
		{86D618C4-ABFA-4EF6-AC27-9F46B3FC0434}.Release|x86.Build.0 = Release|Win32
		{89F6C6D7-8702-4553-96F8-97A827BACB58}.Debug|x64.ActiveCfg = Debug|x64
		{89F6C6D7-8702-4553-96F8-97A827BACB58}.Debug|x64.Build.0 = Debug|x64
		{89F6C6D7-8702-4553-96F8-97A827BACB58}.Debug|x86.ActiveCfg = Debug|Win32
		{89F6C6D7-8702-4553-96F8-97A827BACB58}.Debug|x86.Build.0 = Debug|Win32
		{89F6C6D7-8702-4553-96F8-97A827BACB58}.Release|x64.ActiveCfg = Release|x64
		{89F6C6D7-8702-4553-96F8-97A827BACB58}.Release|x64.Build.0 = Release|x64
		{89F6C6D7-8702-4553-96F8-97A827BACB58}.Release|x86.ActiveCfg = Release|Win32
		{89F6C6D7-8702-4553-96F8-97A827BACB58}.Release|x86.Build.0 = Release|Win32
		{DA85C030-1CF6-4121-88C4-CA056668ACFF}.Debug|x64.ActiveCfg = Debug|x64
		{DA85C030-1CF6-4121-88C4-CA056668ACFF}.Debug|x64.Build.0 = Debug|x64
		{DA85C030-1CF6-4121-88C4-CA056668ACFF}.Debug|x86.ActiveCfg = Debug|Win32
		{DA85C030-1CF6-4121-88C4-CA056668ACFF}.Debug|x86.Build.0 = Debug|Win32
		{DA85C030-1CF6-4121-88C4-CA056668ACFF}.Release|x64.ActiveCfg = Release|x64
		{DA85C030-1CF6-4121-88C4-CA056668ACFF}.Release|x64.Build.0 = Release|x64
		{DA85C030-1CF6-4121-88C4-CA056668ACFF}.Release|x86.ActiveCfg = Release|Win32
		{DA85C030-1CF6-4121-88C4-CA056668ACFF}.Release|x86.Build.0 = Release|Win32
		{35BD8B5C-CB25-4BFF-A00D-9A85009B19DD}.Debug|x64.ActiveCfg = Debug|x64
		{35BD8B5C-CB25-4BFF-A00D-9A85009B19DD}.Debug|x64.Build.0 = Debug|x64
		{35BD8B5C-CB25-4BFF-A00D-9A85009B19DD}.Debug|x86.ActiveCfg = Debug|Win32
		{35BD8B5C-CB25-4BFF-A00D-9A85009B19DD}.Debug|x86.Build.0 = Debug|Win32
		{35BD8B5C-CB25-4BFF-A00D-9A85009B19DD}.Release|x64.ActiveCfg = Release|x64
		{35BD8B5C-CB25-4BFF-A00D-9A85009B19DD}.Release|x64.Build.0 = Release|x64
		{35BD8B5C-CB25-4BFF-A00D-9A85009B19DD}.Release|x86.ActiveCfg = Release|Win32
		{35BD8B5C-CB25-4BFF-A00D-9A85009B19DD}.Release|x86.Build.0 = Release|Win32
		{36DFE4C0-669E-4148-8AAC-F245DFC38E50}.Debug|x64.ActiveCfg = Debug|x64
		{36DFE4C0-669E-4148-8AAC-F245DFC38E50}.Debug|x64.Build.0 = Debug|x64
		{36DFE4C0-669E-4148-8AAC-F245DFC38E50}.Debug|x86.ActiveCfg = Debug|Win32
		{36DFE4C0-669E-4148-8AAC-F245DFC38E50}.Debug|x86.Build.0 = Debug|Win32
		{36DFE4C0-669E-4148-8AAC-F245DFC38E50}.Release|x64.ActiveCfg = Release|x64
		{36DFE4C0-669E-4148-8AAC-F245DFC38E50}.Release|x64.Build.0 = Release|x64
		{36DFE4C0-669E-4148-8AAC-F245DFC38E50}.Release|x86.ActiveCfg = Release|Win32
		{36DFE4C0-669E-4148-8AAC-F245DFC38E50}.Release|x86.Build.0 = Release|Win32
		{A1709B4D-99E4-4C2D-BC71-BC6B0A91BA7C}.Debug|x64.ActiveCfg = Debug|x64
		{A1709B4D-99E4-4C2D-BC71-BC6B0A91BA7C}.Debug|x64.Build.0 = Debug|x64
		{A1709B4D-99E4-4C2D-BC71-BC6B0A91BA7C}.Debug|x86.ActiveCfg = Debug|Win32
		{A1709B4D-99E4-4C2D-BC71-BC6B0A91BA7C}.Debug|x86.Build.0 = Debug|Win32
		{A1709B4D-99E4-4C2D-BC71-BC6B0A91BA7C}.Release|x64.ActiveCfg = Release|x64
		{A1709B4D-99E4-4C2D-BC71-BC6B0A91BA7C}.Release|x64.Build.0 = Release|x64
		{A1709B4D-99E4-4C2D-BC71-BC6B0A91BA7C}.Release|x86.ActiveCfg = Release|Win32
		{A1709B4D-99E4-4C2D-BC71-BC6B0A91BA7C}.Release|x86.Build.0 = Release|Win32
		{2D2B4093-EADB-4558-8F06-C99D6FC8AB84}.Debug|x64.ActiveCfg = Debug|x64
		{2D2B4093-EADB-4558-8F06-C99D6FC8AB84}.Debug|x64.Build.0 = Debug|x64
		{2D2B4093-EADB-4558-8F06-C99D6FC8AB84}.Debug|x86.ActiveCfg = Debug|Win32
		{2D2B4093-EADB-4558-8F06-C99D6FC8AB84}.Debug|x86.Build.0 = Debug|Win32
		{2D2B4093-EADB-4558-8F06-C99D6FC8AB84}.Release|x64.ActiveCfg = Release|x64
		{2D2B4093-EADB-4558-8F06-C99D6FC8AB84}.Release|x64.Build.0 = Release|x64
		{2D2B4093-EADB-4558-8F06-C99D6FC8AB84}.Release|x86.ActiveCfg = Release|Win32
		{2D2B4093-EADB-4558-8F06-C99D6FC8AB84}.Release|x86.Build.0 = Release|Win32
		{C341826D-793D-463A-BF26-C2E1D38350E9}.Debug|x64.ActiveCfg = Debug|x64
		{C341826D-793D-463A-BF26-C2E1D38350E9}.Debug|x64.Build.0 = Debug|x64
		{C341826D-793D-463A-BF26-C2E1D38350E9}.Debug|x86.ActiveCfg = Debug|Win32
		{C341826D-793D-463A-BF26-C2E1D38350E9}.Debug|x86.Build.0 = Debug|Win32
		{C341826D-793D-463A-BF26-C2E1D38350E9}.Release|x64.ActiveCfg = Release|x64
		{C341826D-793D-463A-BF26-C2E1D38350E9}.Release|x64.Build.0 = Release|x64
		{C341826D-793D-463A-BF26-C2E1D38350E9}.Release|x86.ActiveCfg = Release|Win32
		{C341826D-793D-463A-BF26-C2E1D38350E9}.Release|x86.Build.0 = Release|Win32
		{2EA54C12-10C7-48BE-8F7A-FD9E9E99F0A5}.Debug|x64.ActiveCfg = Debug|x64
		{2EA54C12-10C7-48BE-8F7A-FD9E9E99F0A5}.Debug|x86.ActiveCfg = Debug|Win32
		{2EA54C12-10C7-48BE-8F7A-FD9E9E99F0A5}.Release|x64.ActiveCfg = Release|x64
		{2EA54C12-10C7-48BE-8F7A-FD9E9E99F0A5}.Release|x64.Build.0 = Release|x64
		{2EA54C12-10C7-48BE-8F7A-FD9E9E99F0A5}.Release|x86.ActiveCfg = Release|Win32
		{2EA54C12-10C7-48BE-8F7A-FD9E9E99F0A5}.Release|x86.Build.0 = Release|Win32
		{8D9D4A3E-439A-4210-8879-259B20D992CA}.Debug|x64.ActiveCfg = Debug|x64
		{8D9D4A3E-439A-4210-8879-259B20D992CA}.Debug|x64.Build.0 = Debug|x64
		{8D9D4A3E-439A-4210-8879-259B20D992CA}.Debug|x86.ActiveCfg = Debug|Win32
		{8D9D4A3E-439A-4210-8879-259B20D992CA}.Debug|x86.Build.0 = Debug|Win32
		{8D9D4A3E-439A-4210-8879-259B20D992CA}.Release|x64.ActiveCfg = Release|x64
		{8D9D4A3E-439A-4210-8879-259B20D992CA}.Release|x64.Build.0 = Release|x64
		{8D9D4A3E-439A-4210-8879-259B20D992CA}.Release|x86.ActiveCfg = Release|Win32
		{8D9D4A3E-439A-4210-8879-259B20D992CA}.Release|x86.Build.0 = Release|Win32
		{27A8FC58-1BB6-4E50-8C68-4C20736F1AF5}.Debug|x64.ActiveCfg = Debug|x64
		{27A8FC58-1BB6-4E50-8C68-4C20736F1AF5}.Debug|x64.Build.0 = Debug|x64
		{27A8FC58-1BB6-4E50-8C68-4C20736F1AF5}.Debug|x86.ActiveCfg = Debug|Win32
		{27A8FC58-1BB6-4E50-8C68-4C20736F1AF5}.Debug|x86.Build.0 = Debug|Win32
		{27A8FC58-1BB6-4E50-8C68-4C20736F1AF5}.Release|x64.ActiveCfg = Release|x64
		{27A8FC58-1BB6-4E50-8C68-4C20736F1AF5}.Release|x64.Build.0 = Release|x64
		{27A8FC58-1BB6-4E50-8C68-4C20736F1AF5}.Release|x86.ActiveCfg = Release|Win32
		{27A8FC58-1BB6-4E50-8C68-4C20736F1AF5}.Release|x86.Build.0 = Release|Win32
		{9117A459-2834-4A10-820A-54934CBE1550}.Debug|x64.ActiveCfg = Debug|x64
		{9117A459-2834-4A10-820A-54934CBE1550}.Debug|x64.Build.0 = Debug|x64
		{9117A459-2834-4A10-820A-54934CBE1550}.Debug|x86.ActiveCfg = Debug|Win32
		{9117A459-2834-4A10-820A-54934CBE1550}.Debug|x86.Build.0 = Debug|Win32
		{9117A459-2834-4A10-820A-54934CBE1550}.Release|x64.ActiveCfg = Release|x64
		{9117A459-2834-4A10-820A-54934CBE1550}.Release|x64.Build.0 = Release|x64
		{9117A459-2834-4A10-820A-54934CBE1550}.Release|x86.ActiveCfg = Release|Win32
		{9117A459-2834-4A10-820A-54934CBE1550}.Release|x86.Build.0 = Release|Win32
		{2DF25ACC-07D2-4E01-8007-B6D26F99F60A}.Debug|x64.ActiveCfg = Debug|x64
		{2DF25ACC-07D2-4E01-8007-B6D26F99F60A}.Debug|x64.Build.0 = Debug|x64
		{2DF25ACC-07D2-4E01-8007-B6D26F99F60A}.Debug|x86.ActiveCfg = Debug|Win32
		{2DF25ACC-07D2-4E01-8007-B6D26F99F60A}.Debug|x86.Build.0 = Debug|Win32
		{2DF25ACC-07D2-4E01-8007-B6D26F99F60A}.Release|x64.ActiveCfg = Release|x64
		{2DF25ACC-07D2-4E01-8007-B6D26F99F60A}.Release|x64.Build.0 = Release|x64
		{2DF25ACC-07D2-4E01-8007-B6D26F99F60A}.Release|x86.ActiveCfg = Release|Win32
		{2DF25ACC-07D2-4E01-8007-B6D26F99F60A}.Release|x86.Build.0 = Release|Win32
	EndGlobalSection
	GlobalSection(SolutionProperties) = preSolution
		HideSolutionNode = FALSE
	EndGlobalSection
	GlobalSection(ExtensibilityGlobals) = postSolution
		SolutionGuid = {F631C4CE-026D-4BB0-A8E2-7C6C88BDF1DF}
	EndGlobalSection
EndGlobal
