<?xml version="1.0" encoding="utf-8"?>
<Project ToolsVersion="4.0" xmlns="http://schemas.microsoft.com/developer/msbuild/2003">
  <ItemGroup>
    <Filter Include="Header Files">
      <UniqueIdentifier>{b8b79c93-1b04-4e51-82e4-27a5c89e06a2}</UniqueIdentifier>
    </Filter>
    <Filter Include="Source Files">
      <UniqueIdentifier>{6ab8623f-49ca-4e25-b42f-21d7ba2c7e0b}</UniqueIdentifier>
    </Filter>
    <Filter Include="Resource Files">
      <UniqueIdentifier>{0e489ea6-0f46-4bee-9369-22d33f5f8831}</UniqueIdentifier>
    </Filter>
  </ItemGroup>
  <ItemGroup>
    <CustomBuild Include="fill.frag">
      <Filter>Resource Files</Filter>
    </CustomBuild>
    <CustomBuild Include="triangle.vert">
      <Filter>Resource Files</Filter>
    </CustomBuild>
    <CustomBuild Include="tex.frag">
      <Filter>Resource Files</Filter>
    </CustomBuild>
    <CustomBuild Include="passthrough.vert">
      <Filter>Resource Files</Filter>
    </CustomBuild>
  </ItemGroup>
  <ItemGroup>
    <ClCompile Include="10.b-render-to-msaa-texture.cpp">
      <Filter>Source Files</Filter>
    </ClCompile>
  </ItemGroup>
</Project>